
Microsoft Visual Studio Solution File, Format Version 12.00
# Visual Studio Version 17
VisualStudioVersion = 17.3.32929.385
MinimumVisualStudioVersion = 10.0.40219.1
Project("{FAE04EC0-301F-11D3-BF4B-00C04F79EFBC}") = "Gestion_bibliotheque", "Gestion_bibliotheque\Gestion_bibliotheque.csproj", "{7387A663-E19C-4390-8F0A-1BA856214BC9}"
EndProject
Global
	GlobalSection(SolutionConfigurationPlatforms) = preSolution
		Debug|Any CPU = Debug|Any CPU
		Release|Any CPU = Release|Any CPU
	EndGlobalSection
	GlobalSection(ProjectConfigurationPlatforms) = postSolution
		{7387A663-E19C-4390-8F0A-1BA856214BC9}.Debug|Any CPU.ActiveCfg = Debug|Any CPU
		{7387A663-E19C-4390-8F0A-1BA856214BC9}.Debug|Any CPU.Build.0 = Debug|Any CPU
		{7387A663-E19C-4390-8F0A-1BA856214BC9}.Release|Any CPU.ActiveCfg = Release|Any CPU
		{7387A663-E19C-4390-8F0A-1BA856214BC9}.Release|Any CPU.Build.0 = Release|Any CPU
	EndGlobalSection
	GlobalSection(SolutionProperties) = preSolution
		HideSolutionNode = FALSE
	EndGlobalSection
	GlobalSection(ExtensibilityGlobals) = postSolution
		SolutionGuid = {87566EF3-E4FF-480F-B28A-23180FE37A45}
	EndGlobalSection
EndGlobal
